<?xml version="1.0" encoding="utf-8"?>
<Project ToolsVersion="4.0" xmlns="http://schemas.microsoft.com/developer/msbuild/2003">
  <ItemGroup>
    <Filter Include="Source Files">
      <UniqueIdentifier>{4FC737F1-C7A5-4376-A066-2A32D752A2FF}</UniqueIdentifier>
      <Extensions>cpp;c;cc;cxx;c++;cppm;ixx;def;odl;idl;hpj;bat;asm;asmx</Extensions>
    </Filter>
    <Filter Include="Header Files">
      <UniqueIdentifier>{93995380-89BD-4b04-88EB-625FBE52EBFB}</UniqueIdentifier>
      <Extensions>h;hh;hpp;hxx;h++;hm;inl;inc;ipp;xsd</Extensions>
    </Filter>
    <Filter Include="Resource Files">
      <UniqueIdentifier>{67DA6AB6-F800-4c08-8B7A-83BB121AAD01}</UniqueIdentifier>
      <Extensions>rc;ico;cur;bmp;dlg;rc2;rct;bin;rgs;gif;jpg;jpeg;jpe;resx;tiff;tif;png;wav;mfcribbon-ms</Extensions>
    </Filter>
  </ItemGroup>
  <ItemGroup>
    <ClCompile Include="Home.cpp">
      <Filter>Source Files</Filter>
    </ClCompile>
    <ClCompile Include="Enginer1.cpp">
      <Filter>Source Files</Filter>
    </ClCompile>
    <ClCompile Include="Enginer3.cpp">
      <Filter>Source Files</Filter>
    </ClCompile>
    <ClCompile Include="Enginer4.cpp">
      <Filter>Source Files</Filter>
    </ClCompile>
    <ClCompile Include="Enginer5.cpp">
      <Filter>Source Files</Filter>
    </ClCompile>
    <ClCompile Include="Enginer6.cpp">
      <Filter>Source Files</Filter>
    </ClCompile>
    <ClCompile Include="Enginer7.cpp">
      <Filter>Source Files</Filter>
    </ClCompile>
    <ClCompile Include="Enginer8.cpp">
      <Filter>Source Files</Filter>
    </ClCompile>
    <ClCompile Include="Enginer9.cpp">
      <Filter>Source Files</Filter>
    </ClCompile>
    <ClCompile Include="Enginer10.cpp">
      <Filter>Source Files</Filter>
    </ClCompile>
    <ClCompile Include="Enginer11.cpp">
      <Filter>Source Files</Filter>
    </ClCompile>
    <ClCompile Include="Enginer12.cpp">
      <Filter>Source Files</Filter>
    </ClCompile>
    <ClCompile Include="Enginer13.cpp">
      <Filter>Source Files</Filter>
    </ClCompile>
    <ClCompile Include="Enginer14.cpp">
      <Filter>Source Files</Filter>
    </ClCompile>
    <ClCompile Include="Enginer15.cpp">
      <Filter>Source Files</Filter>
    </ClCompile>
    <ClCompile Include="Enginer16.cpp">
      <Filter>Source Files</Filter>
    </ClCompile>
    <ClCompile Include="Enginer17.cpp">
      <Filter>Source Files</Filter>
    </ClCompile>
    <ClCompile Include="Enginer18.cpp">
      <Filter>Source Files</Filter>
    </ClCompile>
    <ClCompile Include="Enginer19.cpp">
      <Filter>Source Files</Filter>
    </ClCompile>
    <ClCompile Include="Enginer20.cpp">
      <Filter>Source Files</Filter>
    </ClCompile>
    <ClCompile Include="Enginer21.cpp">
      <Filter>Source Files</Filter>
    </ClCompile>
    <ClCompile Include="Enginer2.cpp">
      <Filter>Source Files</Filter>
    </ClCompile>
    <ClCompile Include="Enginer1_1h.cpp">
      <Filter>Source Files</Filter>
    </ClCompile>
    <ClCompile Include="Enginer1_2h.cpp">
      <Filter>Source Files</Filter>
    </ClCompile>
    <ClCompile Include="Enginer1_3h.cpp">
      <Filter>Source Files</Filter>
    </ClCompile>
    <ClCompile Include="Enginer1_4h.cpp">
      <Filter>Source Files</Filter>
    </ClCompile>
    <ClCompile Include="Enginer1_5h.cpp">
      <Filter>Source Files</Filter>
    </ClCompile>
    <ClCompile Include="Enginer2_1h.cpp">
      <Filter>Source Files</Filter>
    </ClCompile>
    <ClCompile Include="Enginer2_2h.cpp">
      <Filter>Source Files</Filter>
    </ClCompile>
    <ClCompile Include="Enginer2_3h.cpp">
      <Filter>Source Files</Filter>
    </ClCompile>
    <ClCompile Include="Enginer2_3h1.cpp">
      <Filter>Source Files</Filter>
    </ClCompile>
    <ClCompile Include="Enginer2_4h.cpp">
      <Filter>Source Files</Filter>
    </ClCompile>
    <ClCompile Include="Enginer2_5h.cpp">
      <Filter>Source Files</Filter>
    </ClCompile>
    <ClCompile Include="Enginer3_1h.cpp">
      <Filter>Source Files</Filter>
    </ClCompile>
    <ClCompile Include="Enginer3_2h.cpp">
      <Filter>Source Files</Filter>
    </ClCompile>
    <ClCompile Include="Enginer3_3h.cpp">
      <Filter>Source Files</Filter>
    </ClCompile>
    <ClCompile Include="Enginer3_4h.cpp">
      <Filter>Source Files</Filter>
    </ClCompile>
    <ClCompile Include="Enginer3_5h.cpp">
      <Filter>Source Files</Filter>
    </ClCompile>
    <ClCompile Include="Enginer4_1h.cpp">
      <Filter>Source Files</Filter>
    </ClCompile>
    <ClCompile Include="Enginer4_2h.cpp">
      <Filter>Source Files</Filter>
    </ClCompile>
    <ClCompile Include="Enginer4_3h.cpp">
      <Filter>Source Files</Filter>
    </ClCompile>
    <ClCompile Include="Enginer4_4h.cpp">
      <Filter>Source Files</Filter>
    </ClCompile>
    <ClCompile Include="Enginer4_5h.cpp">
      <Filter>Source Files</Filter>
    </ClCompile>
  </ItemGroup>
  <ItemGroup>
    <ClInclude Include="Home.h">
      <Filter>Header Files</Filter>
    </ClInclude>
    <ClInclude Include="Enginer1.h">
      <Filter>Header Files</Filter>
    </ClInclude>
    <ClInclude Include="Enginer3.h">
      <Filter>Header Files</Filter>
    </ClInclude>
    <ClInclude Include="Enginer4.h">
      <Filter>Header Files</Filter>
    </ClInclude>
    <ClInclude Include="Enginer5.h">
      <Filter>Header Files</Filter>
    </ClInclude>
    <ClInclude Include="Enginer6.h">
      <Filter>Header Files</Filter>
    </ClInclude>
    <ClInclude Include="Enginer7.h">
      <Filter>Header Files</Filter>
    </ClInclude>
    <ClInclude Include="Enginer8.h">
      <Filter>Header Files</Filter>
    </ClInclude>
    <ClInclude Include="Enginer9.h">
      <Filter>Header Files</Filter>
    </ClInclude>
    <ClInclude Include="Enginer10.h">
      <Filter>Header Files</Filter>
    </ClInclude>
    <ClInclude Include="Enginer11.h">
      <Filter>Header Files</Filter>
    </ClInclude>
    <ClInclude Include="Enginer12.h">
      <Filter>Header Files</Filter>
    </ClInclude>
    <ClInclude Include="Enginer13.h">
      <Filter>Header Files</Filter>
    </ClInclude>
    <ClInclude Include="Enginer14.h">
      <Filter>Header Files</Filter>
    </ClInclude>
    <ClInclude Include="Enginer15.h">
      <Filter>Header Files</Filter>
    </ClInclude>
    <ClInclude Include="Enginer16.h">
      <Filter>Header Files</Filter>
    </ClInclude>
    <ClInclude Include="Enginer17.h">
      <Filter>Header Files</Filter>
    </ClInclude>
    <ClInclude Include="Enginer18.h">
      <Filter>Header Files</Filter>
    </ClInclude>
    <ClInclude Include="Enginer19.h">
      <Filter>Header Files</Filter>
    </ClInclude>
    <ClInclude Include="Enginer20.h">
      <Filter>Header Files</Filter>
    </ClInclude>
    <ClInclude Include="Enginer21.h">
      <Filter>Header Files</Filter>
    </ClInclude>
    <ClInclude Include="Enginer2.h">
      <Filter>Header Files</Filter>
    </ClInclude>
    <ClInclude Include="Enginer1_1h.h">
      <Filter>Header Files</Filter>
    </ClInclude>
    <ClInclude Include="Enginer1_2h.h">
      <Filter>Header Files</Filter>
    </ClInclude>
    <ClInclude Include="Enginer1_3h.h">
      <Filter>Header Files</Filter>
    </ClInclude>
    <ClInclude Include="Enginer1_4h.h">
      <Filter>Header Files</Filter>
    </ClInclude>
    <ClInclude Include="Enginer1_5h.h">
      <Filter>Header Files</Filter>
    </ClInclude>
    <ClInclude Include="Enginer2_1h.h">
      <Filter>Header Files</Filter>
    </ClInclude>
    <ClInclude Include="Enginer2_2h.h">
      <Filter>Header Files</Filter>
    </ClInclude>
    <ClInclude Include="Enginer2_3h.h">
      <Filter>Header Files</Filter>
    </ClInclude>
    <ClInclude Include="Enginer2_3h1.h">
      <Filter>Header Files</Filter>
    </ClInclude>
    <ClInclude Include="Enginer2_4h.h">
      <Filter>Header Files</Filter>
    </ClInclude>
    <ClInclude Include="Enginer2_5h.h">
      <Filter>Header Files</Filter>
    </ClInclude>
    <ClInclude Include="Enginer3_1h.h">
      <Filter>Header Files</Filter>
    </ClInclude>
    <ClInclude Include="Enginer3_2h.h">
      <Filter>Header Files</Filter>
    </ClInclude>
    <ClInclude Include="Enginer3_3h.h">
      <Filter>Header Files</Filter>
    </ClInclude>
    <ClInclude Include="Enginer3_4h.h">
      <Filter>Header Files</Filter>
    </ClInclude>
    <ClInclude Include="Enginer3_5h.h">
      <Filter>Header Files</Filter>
    </ClInclude>
    <ClInclude Include="Enginer4_1h.h">
      <Filter>Header Files</Filter>
    </ClInclude>
    <ClInclude Include="Enginer4_2h.h">
      <Filter>Header Files</Filter>
    </ClInclude>
    <ClInclude Include="Enginer4_3h.h">
      <Filter>Header Files</Filter>
    </ClInclude>
    <ClInclude Include="Enginer4_4h.h">
      <Filter>Header Files</Filter>
    </ClInclude>
    <ClInclude Include="Enginer4_5h.h">
      <Filter>Header Files</Filter>
    </ClInclude>
  </ItemGroup>
</Project>