<?xml version="1.0" encoding="utf-8"?>
<Project ToolsVersion="4.0" xmlns="http://schemas.microsoft.com/developer/msbuild/2003">
  <ItemGroup>
    <Filter Include="Source Files">
      <UniqueIdentifier>{4FC737F1-C7A5-4376-A066-2A32D752A2FF}</UniqueIdentifier>
      <Extensions>cpp;c;cc;cxx;c++;cppm;ixx;def;odl;idl;hpj;bat;asm;asmx</Extensions>
    </Filter>
    <Filter Include="Header Files">
      <UniqueIdentifier>{93995380-89BD-4b04-88EB-625FBE52EBFB}</UniqueIdentifier>
      <Extensions>h;hh;hpp;hxx;h++;hm;inl;inc;ipp;xsd</Extensions>
    </Filter>
    <Filter Include="Resource Files">
      <UniqueIdentifier>{67DA6AB6-F800-4c08-8B7A-83BB121AAD01}</UniqueIdentifier>
      <Extensions>rc;ico;cur;bmp;dlg;rc2;rct;bin;rgs;gif;jpg;jpeg;jpe;resx;tiff;tif;png;wav;mfcribbon-ms</Extensions>
    </Filter>
  </ItemGroup>
  <ItemGroup>
    <ClCompile Include="Home.cpp">
      <Filter>Source Files</Filter>
    </ClCompile>
    <ClCompile Include="Enginer1.cpp">
      <Filter>Source Files</Filter>
    </ClCompile>
    <ClCompile Include="Enginer3.cpp">
      <Filter>Source Files</Filter>
    </ClCompile>
    <ClCompile Include="Enginer4.cpp">
      <Filter>Source Files</Filter>
    </ClCompile>
    <ClCompile Include="Enginer5.cpp">
      <Filter>Source Files</Filter>
    </ClCompile>
    <ClCompile Include="Enginer6.cpp">
      <Filter>Source Files</Filter>
    </ClCompile>
    <ClCompile Include="Enginer7.cpp">
      <Filter>Source Files</Filter>
    </ClCompile>
    <ClCompile Include="Enginer8.cpp">
      <Filter>Source Files</Filter>
    </ClCompile>
    <ClCompile Include="Enginer9.cpp">
      <Filter>Source Files</Filter>
    </ClCompile>
    <ClCompile Include="Enginer10.cpp">
      <Filter>Source Files</Filter>
    </ClCompile>
    <ClCompile Include="Enginer11.cpp">
      <Filter>Source Files</Filter>
    </ClCompile>
    <ClCompile Include="Enginer12.cpp">
      <Filter>Source Files</Filter>
    </ClCompile>
    <ClCompile Include="Enginer13.cpp">
      <Filter>Source Files</Filter>
    </ClCompile>
    <ClCompile Include="Enginer14.cpp">
      <Filter>Source Files</Filter>
    </ClCompile>
    <ClCompile Include="Enginer15.cpp">
      <Filter>Source Files</Filter>
    </ClCompile>
    <ClCompile Include="Enginer16.cpp">
      <Filter>Source Files</Filter>
    </ClCompile>
    <ClCompile Include="Enginer17.cpp">
      <Filter>Source Files</Filter>
    </ClCompile>
    <ClCompile Include="Enginer18.cpp">
      <Filter>Source Files</Filter>
    </ClCompile>
    <ClCompile Include="Enginer19.cpp">
      <Filter>Source Files</Filter>
    </ClCompile>
    <ClCompile Include="Enginer20.cpp">
      <Filter>Source Files</Filter>
    </ClCompile>
    <ClCompile Include="Enginer21.cpp">
      <Filter>Source Files</Filter>
    </ClCompile>
    <ClCompile Include="Enginer2.cpp">
      <Filter>Source Files</Filter>
    </ClCompile>
    <ClCompile Include="Enginer1_1h.cpp">
      <Filter>Source Files</Filter>
    </ClCompile>
    <ClCompile Include="Enginer1_2h.cpp">
      <Filter>Source Files</Filter>
    </ClCompile>
    <ClCompile Include="Enginer1_3h.cpp">
      <Filter>Source Files</Filter>
    </ClCompile>
    <ClCompile Include="Enginer1_4h.cpp">
      <Filter>Source Files</Filter>
    </ClCompile>
    <ClCompile Include="Enginer1_5h.cpp">
      <Filter>Source Files</Filter>
    </ClCompile>
    <ClCompile Include="Enginer2_1h.cpp">
      <Filter>Source Files</Filter>
    </ClCompile>
    <ClCompile Include="Enginer2_2h.cpp">
      <Filter>Source Files</Filter>
    </ClCompile>
    <ClCompile Include="Enginer2_3h.cpp">
      <Filter>Source Files</Filter>
    </ClCompile>
    <ClCompile Include="Enginer2_4h.cpp">
      <Filter>Source Files</Filter>
    </ClCompile>
    <ClCompile Include="Enginer2_5h.cpp">
      <Filter>Source Files</Filter>
    </ClCompile>
    <ClCompile Include="Enginer3_1h.cpp">
      <Filter>Source Files</Filter>
    </ClCompile>
    <ClCompile Include="Enginer3_2h.cpp">
      <Filter>Source Files</Filter>
    </ClCompile>
    <ClCompile Include="Enginer3_3h.cpp">
      <Filter>Source Files</Filter>
    </ClCompile>
    <ClCompile Include="Enginer3_4h.cpp">
      <Filter>Source Files</Filter>
    </ClCompile>
    <ClCompile Include="Enginer3_5h.cpp">
      <Filter>Source Files</Filter>
    </ClCompile>
    <ClCompile Include="Enginer4_1h.cpp">
      <Filter>Source Files</Filter>
    </ClCompile>
    <ClCompile Include="Enginer4_2h.cpp">
      <Filter>Source Files</Filter>
    </ClCompile>
    <ClCompile Include="Enginer4_3h.cpp">
      <Filter>Source Files</Filter>
    </ClCompile>
    <ClCompile Include="Enginer4_4h.cpp">
      <Filter>Source Files</Filter>
    </ClCompile>
    <ClCompile Include="Enginer4_5h.cpp">
      <Filter>Source Files</Filter>
    </ClCompile>
    <ClCompile Include="Enginer5_1h.cpp">
      <Filter>Source Files</Filter>
    </ClCompile>
    <ClCompile Include="Enginer5_2h.cpp">
      <Filter>Source Files</Filter>
    </ClCompile>
    <ClCompile Include="Enginer5_3h.cpp">
      <Filter>Source Files</Filter>
    </ClCompile>
    <ClCompile Include="Enginer5_4h.cpp">
      <Filter>Source Files</Filter>
    </ClCompile>
    <ClCompile Include="Enginer5_5h.cpp">
      <Filter>Source Files</Filter>
    </ClCompile>
    <ClCompile Include="Enginer6_1h.cpp">
      <Filter>Source Files</Filter>
    </ClCompile>
    <ClCompile Include="Enginer6_2h.cpp">
      <Filter>Source Files</Filter>
    </ClCompile>
    <ClCompile Include="Enginer6_3h.cpp">
      <Filter>Source Files</Filter>
    </ClCompile>
    <ClCompile Include="Enginer6_4h.cpp">
      <Filter>Source Files</Filter>
    </ClCompile>
    <ClCompile Include="Enginer6_5h.cpp">
      <Filter>Source Files</Filter>
    </ClCompile>
    <ClCompile Include="Enginer7_1h.cpp">
      <Filter>Source Files</Filter>
    </ClCompile>
    <ClCompile Include="Enginer7_2h.cpp">
      <Filter>Source Files</Filter>
    </ClCompile>
    <ClCompile Include="Enginer7_3h.cpp">
      <Filter>Source Files</Filter>
    </ClCompile>
    <ClCompile Include="Enginer7_4h.cpp">
      <Filter>Source Files</Filter>
    </ClCompile>
    <ClCompile Include="Enginer7_5h.cpp">
      <Filter>Source Files</Filter>
    </ClCompile>
    <ClCompile Include="Enginer8_1h.cpp">
      <Filter>Source Files</Filter>
    </ClCompile>
    <ClCompile Include="Enginer8_2h.cpp">
      <Filter>Source Files</Filter>
    </ClCompile>
    <ClCompile Include="Enginer8_3h.cpp">
      <Filter>Source Files</Filter>
    </ClCompile>
    <ClCompile Include="Enginer8_4h.cpp">
      <Filter>Source Files</Filter>
    </ClCompile>
    <ClCompile Include="Enginer8_5h.cpp">
      <Filter>Source Files</Filter>
    </ClCompile>
    <ClCompile Include="Enginer9_1h.cpp">
      <Filter>Source Files</Filter>
    </ClCompile>
    <ClCompile Include="Enginer9_2h.cpp">
      <Filter>Source Files</Filter>
    </ClCompile>
    <ClCompile Include="Enginer9_3h.cpp">
      <Filter>Source Files</Filter>
    </ClCompile>
    <ClCompile Include="Enginer9_4h.cpp">
      <Filter>Source Files</Filter>
    </ClCompile>
    <ClCompile Include="Enginer9_5h.cpp">
      <Filter>Source Files</Filter>
    </ClCompile>
    <ClCompile Include="Enginer10_1h.cpp">
      <Filter>Source Files</Filter>
    </ClCompile>
    <ClCompile Include="Enginer10_2h.cpp">
      <Filter>Source Files</Filter>
    </ClCompile>
    <ClCompile Include="Enginer10_3h.cpp">
      <Filter>Source Files</Filter>
    </ClCompile>
    <ClCompile Include="Enginer10_4h.cpp">
      <Filter>Source Files</Filter>
    </ClCompile>
    <ClCompile Include="Enginer10_5h.cpp">
      <Filter>Source Files</Filter>
    </ClCompile>
    <ClCompile Include="Enginer11_1h.cpp">
      <Filter>Source Files</Filter>
    </ClCompile>
    <ClCompile Include="Enginer11_2h.cpp">
      <Filter>Source Files</Filter>
    </ClCompile>
    <ClCompile Include="Enginer11_3h.cpp">
      <Filter>Source Files</Filter>
    </ClCompile>
    <ClCompile Include="Enginer11_4h.cpp">
      <Filter>Source Files</Filter>
    </ClCompile>
    <ClCompile Include="Enginer11_5h.cpp">
      <Filter>Source Files</Filter>
    </ClCompile>
    <ClCompile Include="Enginer12_1h.cpp">
      <Filter>Source Files</Filter>
    </ClCompile>
    <ClCompile Include="Enginer12_2h.cpp">
      <Filter>Source Files</Filter>
    </ClCompile>
    <ClCompile Include="Enginer12_3h.cpp">
      <Filter>Source Files</Filter>
    </ClCompile>
    <ClCompile Include="Enginer12_4h.cpp">
      <Filter>Source Files</Filter>
    </ClCompile>
    <ClCompile Include="Enginer12_5h.cpp">
      <Filter>Source Files</Filter>
    </ClCompile>
    <ClCompile Include="Enginer13_1h.cpp">
      <Filter>Source Files</Filter>
    </ClCompile>
    <ClCompile Include="Enginer13_2h.cpp">
      <Filter>Source Files</Filter>
    </ClCompile>
    <ClCompile Include="Enginer13_3h.cpp">
      <Filter>Source Files</Filter>
    </ClCompile>
    <ClCompile Include="Enginer13_4h.cpp">
      <Filter>Source Files</Filter>
    </ClCompile>
    <ClCompile Include="Enginer13_5h.cpp">
      <Filter>Source Files</Filter>
    </ClCompile>
    <ClCompile Include="Enginer14_1h.cpp">
      <Filter>Source Files</Filter>
    </ClCompile>
    <ClCompile Include="Enginer14_2h.cpp">
      <Filter>Source Files</Filter>
    </ClCompile>
    <ClCompile Include="Enginer14_3h.cpp">
      <Filter>Source Files</Filter>
    </ClCompile>
    <ClCompile Include="Enginer14_4h.cpp">
      <Filter>Source Files</Filter>
    </ClCompile>
    <ClCompile Include="Enginer14_5h.cpp">
      <Filter>Source Files</Filter>
    </ClCompile>
    <ClCompile Include="Enginer15_1h.cpp">
      <Filter>Source Files</Filter>
    </ClCompile>
    <ClCompile Include="Enginer15_2h.cpp">
      <Filter>Source Files</Filter>
    </ClCompile>
    <ClCompile Include="Enginer15_3h.cpp">
      <Filter>Source Files</Filter>
    </ClCompile>
    <ClCompile Include="Enginer15_4h.cpp">
      <Filter>Source Files</Filter>
    </ClCompile>
    <ClCompile Include="Enginer15_5h.cpp">
      <Filter>Source Files</Filter>
    </ClCompile>
    <ClCompile Include="Enginer16_1h.cpp">
      <Filter>Source Files</Filter>
    </ClCompile>
    <ClCompile Include="Enginer16_2h.cpp">
      <Filter>Source Files</Filter>
    </ClCompile>
    <ClCompile Include="Enginer16_3h.cpp">
      <Filter>Source Files</Filter>
    </ClCompile>
    <ClCompile Include="Enginer16_4h.cpp">
      <Filter>Source Files</Filter>
    </ClCompile>
    <ClCompile Include="Enginer16_5h.cpp">
      <Filter>Source Files</Filter>
    </ClCompile>
    <ClCompile Include="Enginer17_1h.cpp">
      <Filter>Source Files</Filter>
    </ClCompile>
    <ClCompile Include="Enginer17_2h.cpp">
      <Filter>Source Files</Filter>
    </ClCompile>
    <ClCompile Include="Enginer17_3h.cpp">
      <Filter>Source Files</Filter>
    </ClCompile>
    <ClCompile Include="Enginer17_4h.cpp">
      <Filter>Source Files</Filter>
    </ClCompile>
    <ClCompile Include="Enginer17_5h.cpp">
      <Filter>Source Files</Filter>
    </ClCompile>
    <ClCompile Include="Enginer18_1h.cpp">
      <Filter>Source Files</Filter>
    </ClCompile>
    <ClCompile Include="Enginer18_2h.cpp">
      <Filter>Source Files</Filter>
    </ClCompile>
    <ClCompile Include="Enginer18_3h.cpp">
      <Filter>Source Files</Filter>
    </ClCompile>
    <ClCompile Include="Enginer18_4h.cpp">
      <Filter>Source Files</Filter>
    </ClCompile>
    <ClCompile Include="Enginer18_5h.cpp">
      <Filter>Source Files</Filter>
    </ClCompile>
    <ClCompile Include="Enginer19_1h.cpp">
      <Filter>Source Files</Filter>
    </ClCompile>
    <ClCompile Include="Enginer19_2h.cpp">
      <Filter>Source Files</Filter>
    </ClCompile>
    <ClCompile Include="Enginer19_3h.cpp">
      <Filter>Source Files</Filter>
    </ClCompile>
    <ClCompile Include="Enginer19_4h.cpp">
      <Filter>Source Files</Filter>
    </ClCompile>
    <ClCompile Include="Enginer19_5h.cpp">
      <Filter>Source Files</Filter>
    </ClCompile>
    <ClCompile Include="Enginer20_1h.cpp">
      <Filter>Source Files</Filter>
    </ClCompile>
    <ClCompile Include="Enginer20_2h.cpp">
      <Filter>Source Files</Filter>
    </ClCompile>
    <ClCompile Include="Enginer20_3h.cpp">
      <Filter>Source Files</Filter>
    </ClCompile>
    <ClCompile Include="Enginer20_4h.cpp">
      <Filter>Source Files</Filter>
    </ClCompile>
    <ClCompile Include="Enginer20_5h.cpp">
      <Filter>Source Files</Filter>
    </ClCompile>
    <ClCompile Include="Enginer21_1h.cpp">
      <Filter>Source Files</Filter>
    </ClCompile>
    <ClCompile Include="Enginer21_2h.cpp">
      <Filter>Source Files</Filter>
    </ClCompile>
    <ClCompile Include="Enginer21_3h.cpp">
      <Filter>Source Files</Filter>
    </ClCompile>
    <ClCompile Include="Enginer21_4h.cpp">
      <Filter>Source Files</Filter>
    </ClCompile>
    <ClCompile Include="Enginer21_5h.cpp">
      <Filter>Source Files</Filter>
    </ClCompile>
  </ItemGroup>
  <ItemGroup>
    <ClInclude Include="Home.h">
      <Filter>Header Files</Filter>
    </ClInclude>
    <ClInclude Include="Enginer1.h">
      <Filter>Header Files</Filter>
    </ClInclude>
    <ClInclude Include="Enginer3.h">
      <Filter>Header Files</Filter>
    </ClInclude>
    <ClInclude Include="Enginer4.h">
      <Filter>Header Files</Filter>
    </ClInclude>
    <ClInclude Include="Enginer5.h">
      <Filter>Header Files</Filter>
    </ClInclude>
    <ClInclude Include="Enginer6.h">
      <Filter>Header Files</Filter>
    </ClInclude>
    <ClInclude Include="Enginer7.h">
      <Filter>Header Files</Filter>
    </ClInclude>
    <ClInclude Include="Enginer8.h">
      <Filter>Header Files</Filter>
    </ClInclude>
    <ClInclude Include="Enginer9.h">
      <Filter>Header Files</Filter>
    </ClInclude>
    <ClInclude Include="Enginer10.h">
      <Filter>Header Files</Filter>
    </ClInclude>
    <ClInclude Include="Enginer11.h">
      <Filter>Header Files</Filter>
    </ClInclude>
    <ClInclude Include="Enginer12.h">
      <Filter>Header Files</Filter>
    </ClInclude>
    <ClInclude Include="Enginer13.h">
      <Filter>Header Files</Filter>
    </ClInclude>
    <ClInclude Include="Enginer14.h">
      <Filter>Header Files</Filter>
    </ClInclude>
    <ClInclude Include="Enginer15.h">
      <Filter>Header Files</Filter>
    </ClInclude>
    <ClInclude Include="Enginer16.h">
      <Filter>Header Files</Filter>
    </ClInclude>
    <ClInclude Include="Enginer17.h">
      <Filter>Header Files</Filter>
    </ClInclude>
    <ClInclude Include="Enginer18.h">
      <Filter>Header Files</Filter>
    </ClInclude>
    <ClInclude Include="Enginer19.h">
      <Filter>Header Files</Filter>
    </ClInclude>
    <ClInclude Include="Enginer20.h">
      <Filter>Header Files</Filter>
    </ClInclude>
    <ClInclude Include="Enginer21.h">
      <Filter>Header Files</Filter>
    </ClInclude>
    <ClInclude Include="Enginer2.h">
      <Filter>Header Files</Filter>
    </ClInclude>
    <ClInclude Include="Enginer1_1h.h">
      <Filter>Header Files</Filter>
    </ClInclude>
    <ClInclude Include="Enginer1_2h.h">
      <Filter>Header Files</Filter>
    </ClInclude>
    <ClInclude Include="Enginer1_3h.h">
      <Filter>Header Files</Filter>
    </ClInclude>
    <ClInclude Include="Enginer1_4h.h">
      <Filter>Header Files</Filter>
    </ClInclude>
    <ClInclude Include="Enginer1_5h.h">
      <Filter>Header Files</Filter>
    </ClInclude>
    <ClInclude Include="Enginer2_1h.h">
      <Filter>Header Files</Filter>
    </ClInclude>
    <ClInclude Include="Enginer2_2h.h">
      <Filter>Header Files</Filter>
    </ClInclude>
    <ClInclude Include="Enginer2_3h.h">
      <Filter>Header Files</Filter>
    </ClInclude>
    <ClInclude Include="Enginer2_4h.h">
      <Filter>Header Files</Filter>
    </ClInclude>
    <ClInclude Include="Enginer2_5h.h">
      <Filter>Header Files</Filter>
    </ClInclude>
    <ClInclude Include="Enginer3_1h.h">
      <Filter>Header Files</Filter>
    </ClInclude>
    <ClInclude Include="Enginer3_2h.h">
      <Filter>Header Files</Filter>
    </ClInclude>
    <ClInclude Include="Enginer3_3h.h">
      <Filter>Header Files</Filter>
    </ClInclude>
    <ClInclude Include="Enginer3_4h.h">
      <Filter>Header Files</Filter>
    </ClInclude>
    <ClInclude Include="Enginer3_5h.h">
      <Filter>Header Files</Filter>
    </ClInclude>
    <ClInclude Include="Enginer4_1h.h">
      <Filter>Header Files</Filter>
    </ClInclude>
    <ClInclude Include="Enginer4_2h.h">
      <Filter>Header Files</Filter>
    </ClInclude>
    <ClInclude Include="Enginer4_3h.h">
      <Filter>Header Files</Filter>
    </ClInclude>
    <ClInclude Include="Enginer4_4h.h">
      <Filter>Header Files</Filter>
    </ClInclude>
    <ClInclude Include="Enginer4_5h.h">
      <Filter>Header Files</Filter>
    </ClInclude>
    <ClInclude Include="Enginer5_1h.h">
      <Filter>Header Files</Filter>
    </ClInclude>
    <ClInclude Include="Enginer5_2h.h">
      <Filter>Header Files</Filter>
    </ClInclude>
    <ClInclude Include="Enginer5_3h.h">
      <Filter>Header Files</Filter>
    </ClInclude>
    <ClInclude Include="Enginer5_4h.h">
      <Filter>Header Files</Filter>
    </ClInclude>
    <ClInclude Include="Enginer5_5h.h">
      <Filter>Header Files</Filter>
    </ClInclude>
    <ClInclude Include="Enginer6_1h.h">
      <Filter>Header Files</Filter>
    </ClInclude>
    <ClInclude Include="Enginer6_2h.h">
      <Filter>Header Files</Filter>
    </ClInclude>
    <ClInclude Include="Enginer6_3h.h">
      <Filter>Header Files</Filter>
    </ClInclude>
    <ClInclude Include="Enginer6_4h.h">
      <Filter>Header Files</Filter>
    </ClInclude>
    <ClInclude Include="Enginer6_5h.h">
      <Filter>Header Files</Filter>
    </ClInclude>
    <ClInclude Include="Enginer7_1h.h">
      <Filter>Header Files</Filter>
    </ClInclude>
    <ClInclude Include="Enginer7_2h.h">
      <Filter>Header Files</Filter>
    </ClInclude>
    <ClInclude Include="Enginer7_3h.h">
      <Filter>Header Files</Filter>
    </ClInclude>
    <ClInclude Include="Enginer7_4h.h">
      <Filter>Header Files</Filter>
    </ClInclude>
    <ClInclude Include="Enginer7_5h.h">
      <Filter>Header Files</Filter>
    </ClInclude>
    <ClInclude Include="Enginer8_1h.h">
      <Filter>Header Files</Filter>
    </ClInclude>
    <ClInclude Include="Enginer8_2h.h">
      <Filter>Header Files</Filter>
    </ClInclude>
    <ClInclude Include="Enginer8_3h.h">
      <Filter>Header Files</Filter>
    </ClInclude>
    <ClInclude Include="Enginer8_4h.h">
      <Filter>Header Files</Filter>
    </ClInclude>
    <ClInclude Include="Enginer8_5h.h">
      <Filter>Header Files</Filter>
    </ClInclude>
    <ClInclude Include="Enginer9_1h.h">
      <Filter>Header Files</Filter>
    </ClInclude>
    <ClInclude Include="Enginer9_2h.h">
      <Filter>Header Files</Filter>
    </ClInclude>
    <ClInclude Include="Enginer9_3h.h">
      <Filter>Header Files</Filter>
    </ClInclude>
    <ClInclude Include="Enginer9_4h.h">
      <Filter>Header Files</Filter>
    </ClInclude>
    <ClInclude Include="Enginer9_5h.h">
      <Filter>Header Files</Filter>
    </ClInclude>
    <ClInclude Include="Enginer10_1h.h">
      <Filter>Header Files</Filter>
    </ClInclude>
    <ClInclude Include="Enginer10_2h.h">
      <Filter>Header Files</Filter>
    </ClInclude>
    <ClInclude Include="Enginer10_3h.h">
      <Filter>Header Files</Filter>
    </ClInclude>
    <ClInclude Include="Enginer10_4h.h">
      <Filter>Header Files</Filter>
    </ClInclude>
    <ClInclude Include="Enginer10_5h.h">
      <Filter>Header Files</Filter>
    </ClInclude>
    <ClInclude Include="Enginer11_1h.h">
      <Filter>Header Files</Filter>
    </ClInclude>
    <ClInclude Include="Enginer11_2h.h">
      <Filter>Header Files</Filter>
    </ClInclude>
    <ClInclude Include="Enginer11_3h.h">
      <Filter>Header Files</Filter>
    </ClInclude>
    <ClInclude Include="Enginer11_4h.h">
      <Filter>Header Files</Filter>
    </ClInclude>
    <ClInclude Include="Enginer11_5h.h">
      <Filter>Header Files</Filter>
    </ClInclude>
    <ClInclude Include="Enginer12_1h.h">
      <Filter>Header Files</Filter>
    </ClInclude>
    <ClInclude Include="Enginer12_2h.h">
      <Filter>Header Files</Filter>
    </ClInclude>
    <ClInclude Include="Enginer12_3h.h">
      <Filter>Header Files</Filter>
    </ClInclude>
    <ClInclude Include="Enginer12_4h.h">
      <Filter>Header Files</Filter>
    </ClInclude>
    <ClInclude Include="Enginer12_5h.h">
      <Filter>Header Files</Filter>
    </ClInclude>
    <ClInclude Include="Enginer13_1h.h">
      <Filter>Header Files</Filter>
    </ClInclude>
    <ClInclude Include="Enginer13_2h.h">
      <Filter>Header Files</Filter>
    </ClInclude>
    <ClInclude Include="Enginer13_3h.h">
      <Filter>Header Files</Filter>
    </ClInclude>
    <ClInclude Include="Enginer13_4h.h">
      <Filter>Header Files</Filter>
    </ClInclude>
    <ClInclude Include="Enginer13_5h.h">
      <Filter>Header Files</Filter>
    </ClInclude>
    <ClInclude Include="Enginer14_1h.h">
      <Filter>Header Files</Filter>
    </ClInclude>
    <ClInclude Include="Enginer14_2h.h">
      <Filter>Header Files</Filter>
    </ClInclude>
    <ClInclude Include="Enginer14_3h.h">
      <Filter>Header Files</Filter>
    </ClInclude>
    <ClInclude Include="Enginer14_4h.h">
      <Filter>Header Files</Filter>
    </ClInclude>
    <ClInclude Include="Enginer14_5h.h">
      <Filter>Header Files</Filter>
    </ClInclude>
    <ClInclude Include="Enginer15_1h.h">
      <Filter>Header Files</Filter>
    </ClInclude>
    <ClInclude Include="Enginer15_2h.h">
      <Filter>Header Files</Filter>
    </ClInclude>
    <ClInclude Include="Enginer15_3h.h">
      <Filter>Header Files</Filter>
    </ClInclude>
    <ClInclude Include="Enginer15_4h.h">
      <Filter>Header Files</Filter>
    </ClInclude>
    <ClInclude Include="Enginer15_5h.h">
      <Filter>Header Files</Filter>
    </ClInclude>
    <ClInclude Include="Enginer16_1h.h">
      <Filter>Header Files</Filter>
    </ClInclude>
    <ClInclude Include="Enginer16_2h.h">
      <Filter>Header Files</Filter>
    </ClInclude>
    <ClInclude Include="Enginer16_3h.h">
      <Filter>Header Files</Filter>
    </ClInclude>
    <ClInclude Include="Enginer16_4h.h">
      <Filter>Header Files</Filter>
    </ClInclude>
    <ClInclude Include="Enginer16_5h.h">
      <Filter>Header Files</Filter>
    </ClInclude>
    <ClInclude Include="Enginer17_1h.h">
      <Filter>Header Files</Filter>
    </ClInclude>
    <ClInclude Include="Enginer17_2h.h">
      <Filter>Header Files</Filter>
    </ClInclude>
    <ClInclude Include="Enginer17_3h.h">
      <Filter>Header Files</Filter>
    </ClInclude>
    <ClInclude Include="Enginer17_4h.h">
      <Filter>Header Files</Filter>
    </ClInclude>
    <ClInclude Include="Enginer17_5h.h">
      <Filter>Header Files</Filter>
    </ClInclude>
    <ClInclude Include="Enginer18_1h.h">
      <Filter>Header Files</Filter>
    </ClInclude>
    <ClInclude Include="Enginer18_2h.h">
      <Filter>Header Files</Filter>
    </ClInclude>
    <ClInclude Include="Enginer18_3h.h">
      <Filter>Header Files</Filter>
    </ClInclude>
    <ClInclude Include="Enginer18_4h.h">
      <Filter>Header Files</Filter>
    </ClInclude>
    <ClInclude Include="Enginer18_5h.h">
      <Filter>Header Files</Filter>
    </ClInclude>
    <ClInclude Include="Enginer19_1h.h">
      <Filter>Header Files</Filter>
    </ClInclude>
    <ClInclude Include="Enginer19_2h.h">
      <Filter>Header Files</Filter>
    </ClInclude>
    <ClInclude Include="Enginer19_3h.h">
      <Filter>Header Files</Filter>
    </ClInclude>
    <ClInclude Include="Enginer19_4h.h">
      <Filter>Header Files</Filter>
    </ClInclude>
    <ClInclude Include="Enginer19_5h.h">
      <Filter>Header Files</Filter>
    </ClInclude>
    <ClInclude Include="Enginer20_1h.h">
      <Filter>Header Files</Filter>
    </ClInclude>
    <ClInclude Include="Enginer20_2h.h">
      <Filter>Header Files</Filter>
    </ClInclude>
    <ClInclude Include="Enginer20_3h.h">
      <Filter>Header Files</Filter>
    </ClInclude>
    <ClInclude Include="Enginer20_4h.h">
      <Filter>Header Files</Filter>
    </ClInclude>
    <ClInclude Include="Enginer20_5h.h">
      <Filter>Header Files</Filter>
    </ClInclude>
    <ClInclude Include="Enginer21_1h.h">
      <Filter>Header Files</Filter>
    </ClInclude>
    <ClInclude Include="Enginer21_2h.h">
      <Filter>Header Files</Filter>
    </ClInclude>
    <ClInclude Include="Enginer21_3h.h">
      <Filter>Header Files</Filter>
    </ClInclude>
    <ClInclude Include="Enginer21_4h.h">
      <Filter>Header Files</Filter>
    </ClInclude>
    <ClInclude Include="Enginer21_5h.h">
      <Filter>Header Files</Filter>
    </ClInclude>
  </ItemGroup>
</Project>